{
  "requires": true,
  "lockfileVersion": 1,
  "dependencies": {
    "stylelint-config-htmlacademy": {
      "version": "0.1.4",
      "resolved": "https://registry.npmjs.org/stylelint-config-htmlacademy/-/stylelint-config-htmlacademy-0.1.4.tgz",
      "integrity": "sha512-79OQX2dLRdanjXdprzaWp39j/QvVzCDEQFu4UdepG2eCMn+ezOqkNC3tYXMn5lBu0YOxQJR5XG/dk4ZOXk4bMQ==",
      "dev": true
    }
  }
}
